
Microsoft Visual Studio Solution File, Format Version 12.00
# Visual Studio 15
VisualStudioVersion = 15.0.27130.2010
MinimumVisualStudioVersion = 10.0.40219.1
Project("{D954291E-2A0B-460D-934E-DC6B0785DB48}") = "VolumeController", "VolumeController.shproj", "{B3ECCFFC-E056-4467-A66E-E68C980BC650}"
EndProject
Project("{FAE04EC0-301F-11D3-BF4B-00C04F79EFBC}") = "VolumeController.UWP", "VolumeController.UWP\VolumeController.UWP.csproj", "{B2AF1382-9A66-48E9-A46F-DD42522A4C57}"
EndProject
Project("{FAE04EC0-301F-11D3-BF4B-00C04F79EFBC}") = "VolumeController.Service", "VolumeController.Service\VolumeController.Service.csproj", "{DB02B20E-E066-4CBD-9F0A-0FD714394C73}"
EndProject
Project("{FAE04EC0-301F-11D3-BF4B-00C04F79EFBC}") = "VolumeController.Forms", "VolumeController.Forms\VolumeController.Forms.csproj", "{73E987FA-C5CF-47BC-A0FF-AC5B1FE9D1FF}"
EndProject
Project("{FAE04EC0-301F-11D3-BF4B-00C04F79EFBC}") = "VolumeController.WPF", "VolumeController.WPF\VolumeController.WPF.csproj", "{E141B1A4-9FBF-43AF-9E37-316D9E0E991A}"
EndProject
Global
	GlobalSection(SharedMSBuildProjectFiles) = preSolution
		VolumeController\VolumeController.projitems*{b2af1382-9a66-48e9-a46f-dd42522a4c57}*SharedItemsImports = 4
		VolumeController\VolumeController.projitems*{b3eccffc-e056-4467-a66e-e68c980bc650}*SharedItemsImports = 13
	EndGlobalSection
	GlobalSection(SolutionConfigurationPlatforms) = preSolution
		Ad-Hoc|Any CPU = Ad-Hoc|Any CPU
		Ad-Hoc|ARM = Ad-Hoc|ARM
		Ad-Hoc|iPhone = Ad-Hoc|iPhone
		Ad-Hoc|iPhoneSimulator = Ad-Hoc|iPhoneSimulator
		Ad-Hoc|x64 = Ad-Hoc|x64
		Ad-Hoc|x86 = Ad-Hoc|x86
		AppStore|Any CPU = AppStore|Any CPU
		AppStore|ARM = AppStore|ARM
		AppStore|iPhone = AppStore|iPhone
		AppStore|iPhoneSimulator = AppStore|iPhoneSimulator
		AppStore|x64 = AppStore|x64
		AppStore|x86 = AppStore|x86
		Debug|Any CPU = Debug|Any CPU
		Debug|ARM = Debug|ARM
		Debug|iPhone = Debug|iPhone
		Debug|iPhoneSimulator = Debug|iPhoneSimulator
		Debug|x64 = Debug|x64
		Debug|x86 = Debug|x86
		Release|Any CPU = Release|Any CPU
		Release|ARM = Release|ARM
		Release|iPhone = Release|iPhone
		Release|iPhoneSimulator = Release|iPhoneSimulator
		Release|x64 = Release|x64
		Release|x86 = Release|x86
	EndGlobalSection
	GlobalSection(ProjectConfigurationPlatforms) = postSolution
		{B2AF1382-9A66-48E9-A46F-DD42522A4C57}.Ad-Hoc|Any CPU.ActiveCfg = Release|x86
		{B2AF1382-9A66-48E9-A46F-DD42522A4C57}.Ad-Hoc|Any CPU.Build.0 = Release|x86
		{B2AF1382-9A66-48E9-A46F-DD42522A4C57}.Ad-Hoc|Any CPU.Deploy.0 = Release|x86
		{B2AF1382-9A66-48E9-A46F-DD42522A4C57}.Ad-Hoc|ARM.ActiveCfg = Release|ARM
		{B2AF1382-9A66-48E9-A46F-DD42522A4C57}.Ad-Hoc|ARM.Build.0 = Release|ARM
		{B2AF1382-9A66-48E9-A46F-DD42522A4C57}.Ad-Hoc|ARM.Deploy.0 = Release|ARM
		{B2AF1382-9A66-48E9-A46F-DD42522A4C57}.Ad-Hoc|iPhone.ActiveCfg = Release|x86
		{B2AF1382-9A66-48E9-A46F-DD42522A4C57}.Ad-Hoc|iPhone.Build.0 = Release|x86
		{B2AF1382-9A66-48E9-A46F-DD42522A4C57}.Ad-Hoc|iPhone.Deploy.0 = Release|x86
		{B2AF1382-9A66-48E9-A46F-DD42522A4C57}.Ad-Hoc|iPhoneSimulator.ActiveCfg = Release|x86
		{B2AF1382-9A66-48E9-A46F-DD42522A4C57}.Ad-Hoc|iPhoneSimulator.Build.0 = Release|x86
		{B2AF1382-9A66-48E9-A46F-DD42522A4C57}.Ad-Hoc|iPhoneSimulator.Deploy.0 = Release|x86
		{B2AF1382-9A66-48E9-A46F-DD42522A4C57}.Ad-Hoc|x64.ActiveCfg = Release|x64
		{B2AF1382-9A66-48E9-A46F-DD42522A4C57}.Ad-Hoc|x64.Build.0 = Release|x64
		{B2AF1382-9A66-48E9-A46F-DD42522A4C57}.Ad-Hoc|x64.Deploy.0 = Release|x64
		{B2AF1382-9A66-48E9-A46F-DD42522A4C57}.Ad-Hoc|x86.ActiveCfg = Release|x86
		{B2AF1382-9A66-48E9-A46F-DD42522A4C57}.Ad-Hoc|x86.Build.0 = Release|x86
		{B2AF1382-9A66-48E9-A46F-DD42522A4C57}.Ad-Hoc|x86.Deploy.0 = Release|x86
		{B2AF1382-9A66-48E9-A46F-DD42522A4C57}.AppStore|Any CPU.ActiveCfg = Release|x86
		{B2AF1382-9A66-48E9-A46F-DD42522A4C57}.AppStore|Any CPU.Build.0 = Release|x86
		{B2AF1382-9A66-48E9-A46F-DD42522A4C57}.AppStore|Any CPU.Deploy.0 = Release|x86
		{B2AF1382-9A66-48E9-A46F-DD42522A4C57}.AppStore|ARM.ActiveCfg = Release|ARM
		{B2AF1382-9A66-48E9-A46F-DD42522A4C57}.AppStore|ARM.Build.0 = Release|ARM
		{B2AF1382-9A66-48E9-A46F-DD42522A4C57}.AppStore|ARM.Deploy.0 = Release|ARM
		{B2AF1382-9A66-48E9-A46F-DD42522A4C57}.AppStore|iPhone.ActiveCfg = Release|x86
		{B2AF1382-9A66-48E9-A46F-DD42522A4C57}.AppStore|iPhone.Build.0 = Release|x86
		{B2AF1382-9A66-48E9-A46F-DD42522A4C57}.AppStore|iPhone.Deploy.0 = Release|x86
		{B2AF1382-9A66-48E9-A46F-DD42522A4C57}.AppStore|iPhoneSimulator.ActiveCfg = Release|x86
		{B2AF1382-9A66-48E9-A46F-DD42522A4C57}.AppStore|iPhoneSimulator.Build.0 = Release|x86
		{B2AF1382-9A66-48E9-A46F-DD42522A4C57}.AppStore|iPhoneSimulator.Deploy.0 = Release|x86
		{B2AF1382-9A66-48E9-A46F-DD42522A4C57}.AppStore|x64.ActiveCfg = Release|x64
		{B2AF1382-9A66-48E9-A46F-DD42522A4C57}.AppStore|x64.Build.0 = Release|x64
		{B2AF1382-9A66-48E9-A46F-DD42522A4C57}.AppStore|x64.Deploy.0 = Release|x64
		{B2AF1382-9A66-48E9-A46F-DD42522A4C57}.AppStore|x86.ActiveCfg = Release|x86
		{B2AF1382-9A66-48E9-A46F-DD42522A4C57}.AppStore|x86.Build.0 = Release|x86
		{B2AF1382-9A66-48E9-A46F-DD42522A4C57}.AppStore|x86.Deploy.0 = Release|x86
		{B2AF1382-9A66-48E9-A46F-DD42522A4C57}.Debug|Any CPU.ActiveCfg = Debug|x86
		{B2AF1382-9A66-48E9-A46F-DD42522A4C57}.Debug|ARM.ActiveCfg = Debug|ARM
		{B2AF1382-9A66-48E9-A46F-DD42522A4C57}.Debug|ARM.Build.0 = Debug|ARM
		{B2AF1382-9A66-48E9-A46F-DD42522A4C57}.Debug|ARM.Deploy.0 = Debug|ARM
		{B2AF1382-9A66-48E9-A46F-DD42522A4C57}.Debug|iPhone.ActiveCfg = Debug|x86
		{B2AF1382-9A66-48E9-A46F-DD42522A4C57}.Debug|iPhoneSimulator.ActiveCfg = Debug|x86
		{B2AF1382-9A66-48E9-A46F-DD42522A4C57}.Debug|x64.ActiveCfg = Debug|x64
		{B2AF1382-9A66-48E9-A46F-DD42522A4C57}.Debug|x64.Build.0 = Debug|x64
		{B2AF1382-9A66-48E9-A46F-DD42522A4C57}.Debug|x64.Deploy.0 = Debug|x64
		{B2AF1382-9A66-48E9-A46F-DD42522A4C57}.Debug|x86.ActiveCfg = Debug|x86
		{B2AF1382-9A66-48E9-A46F-DD42522A4C57}.Debug|x86.Build.0 = Debug|x86
		{B2AF1382-9A66-48E9-A46F-DD42522A4C57}.Debug|x86.Deploy.0 = Debug|x86
		{B2AF1382-9A66-48E9-A46F-DD42522A4C57}.Release|Any CPU.ActiveCfg = Release|x86
		{B2AF1382-9A66-48E9-A46F-DD42522A4C57}.Release|ARM.ActiveCfg = Release|ARM
		{B2AF1382-9A66-48E9-A46F-DD42522A4C57}.Release|ARM.Build.0 = Release|ARM
		{B2AF1382-9A66-48E9-A46F-DD42522A4C57}.Release|ARM.Deploy.0 = Release|ARM
		{B2AF1382-9A66-48E9-A46F-DD42522A4C57}.Release|iPhone.ActiveCfg = Release|x86
		{B2AF1382-9A66-48E9-A46F-DD42522A4C57}.Release|iPhoneSimulator.ActiveCfg = Release|x86
		{B2AF1382-9A66-48E9-A46F-DD42522A4C57}.Release|x64.ActiveCfg = Release|x64
		{B2AF1382-9A66-48E9-A46F-DD42522A4C57}.Release|x64.Build.0 = Release|x64
		{B2AF1382-9A66-48E9-A46F-DD42522A4C57}.Release|x64.Deploy.0 = Release|x64
		{B2AF1382-9A66-48E9-A46F-DD42522A4C57}.Release|x86.ActiveCfg = Release|x86
		{B2AF1382-9A66-48E9-A46F-DD42522A4C57}.Release|x86.Build.0 = Release|x86
		{B2AF1382-9A66-48E9-A46F-DD42522A4C57}.Release|x86.Deploy.0 = Release|x86
		{DB02B20E-E066-4CBD-9F0A-0FD714394C73}.Ad-Hoc|Any CPU.ActiveCfg = Release|Any CPU
		{DB02B20E-E066-4CBD-9F0A-0FD714394C73}.Ad-Hoc|Any CPU.Build.0 = Release|Any CPU
		{DB02B20E-E066-4CBD-9F0A-0FD714394C73}.Ad-Hoc|ARM.ActiveCfg = Release|Any CPU
		{DB02B20E-E066-4CBD-9F0A-0FD714394C73}.Ad-Hoc|ARM.Build.0 = Release|Any CPU
		{DB02B20E-E066-4CBD-9F0A-0FD714394C73}.Ad-Hoc|iPhone.ActiveCfg = Release|Any CPU
		{DB02B20E-E066-4CBD-9F0A-0FD714394C73}.Ad-Hoc|iPhone.Build.0 = Release|Any CPU
		{DB02B20E-E066-4CBD-9F0A-0FD714394C73}.Ad-Hoc|iPhoneSimulator.ActiveCfg = Release|Any CPU
		{DB02B20E-E066-4CBD-9F0A-0FD714394C73}.Ad-Hoc|iPhoneSimulator.Build.0 = Release|Any CPU
		{DB02B20E-E066-4CBD-9F0A-0FD714394C73}.Ad-Hoc|x64.ActiveCfg = Release|Any CPU
		{DB02B20E-E066-4CBD-9F0A-0FD714394C73}.Ad-Hoc|x64.Build.0 = Release|Any CPU
		{DB02B20E-E066-4CBD-9F0A-0FD714394C73}.Ad-Hoc|x86.ActiveCfg = Release|Any CPU
		{DB02B20E-E066-4CBD-9F0A-0FD714394C73}.Ad-Hoc|x86.Build.0 = Release|Any CPU
		{DB02B20E-E066-4CBD-9F0A-0FD714394C73}.AppStore|Any CPU.ActiveCfg = Release|Any CPU
		{DB02B20E-E066-4CBD-9F0A-0FD714394C73}.AppStore|Any CPU.Build.0 = Release|Any CPU
		{DB02B20E-E066-4CBD-9F0A-0FD714394C73}.AppStore|ARM.ActiveCfg = Release|Any CPU
		{DB02B20E-E066-4CBD-9F0A-0FD714394C73}.AppStore|ARM.Build.0 = Release|Any CPU
		{DB02B20E-E066-4CBD-9F0A-0FD714394C73}.AppStore|iPhone.ActiveCfg = Release|Any CPU
		{DB02B20E-E066-4CBD-9F0A-0FD714394C73}.AppStore|iPhone.Build.0 = Release|Any CPU
		{DB02B20E-E066-4CBD-9F0A-0FD714394C73}.AppStore|iPhoneSimulator.ActiveCfg = Release|Any CPU
		{DB02B20E-E066-4CBD-9F0A-0FD714394C73}.AppStore|iPhoneSimulator.Build.0 = Release|Any CPU
		{DB02B20E-E066-4CBD-9F0A-0FD714394C73}.AppStore|x64.ActiveCfg = Release|Any CPU
		{DB02B20E-E066-4CBD-9F0A-0FD714394C73}.AppStore|x64.Build.0 = Release|Any CPU
		{DB02B20E-E066-4CBD-9F0A-0FD714394C73}.AppStore|x86.ActiveCfg = Release|Any CPU
		{DB02B20E-E066-4CBD-9F0A-0FD714394C73}.AppStore|x86.Build.0 = Release|Any CPU
		{DB02B20E-E066-4CBD-9F0A-0FD714394C73}.Debug|Any CPU.ActiveCfg = Debug|Any CPU
		{DB02B20E-E066-4CBD-9F0A-0FD714394C73}.Debug|Any CPU.Build.0 = Debug|Any CPU
		{DB02B20E-E066-4CBD-9F0A-0FD714394C73}.Debug|ARM.ActiveCfg = Debug|Any CPU
		{DB02B20E-E066-4CBD-9F0A-0FD714394C73}.Debug|ARM.Build.0 = Debug|Any CPU
		{DB02B20E-E066-4CBD-9F0A-0FD714394C73}.Debug|iPhone.ActiveCfg = Debug|Any CPU
		{DB02B20E-E066-4CBD-9F0A-0FD714394C73}.Debug|iPhone.Build.0 = Debug|Any CPU
		{DB02B20E-E066-4CBD-9F0A-0FD714394C73}.Debug|iPhoneSimulator.ActiveCfg = Debug|Any CPU
		{DB02B20E-E066-4CBD-9F0A-0FD714394C73}.Debug|iPhoneSimulator.Build.0 = Debug|Any CPU
		{DB02B20E-E066-4CBD-9F0A-0FD714394C73}.Debug|x64.ActiveCfg = Debug|Any CPU
		{DB02B20E-E066-4CBD-9F0A-0FD714394C73}.Debug|x64.Build.0 = Debug|Any CPU
		{DB02B20E-E066-4CBD-9F0A-0FD714394C73}.Debug|x86.ActiveCfg = Debug|Any CPU
		{DB02B20E-E066-4CBD-9F0A-0FD714394C73}.Debug|x86.Build.0 = Debug|Any CPU
		{DB02B20E-E066-4CBD-9F0A-0FD714394C73}.Release|Any CPU.ActiveCfg = Release|Any CPU
		{DB02B20E-E066-4CBD-9F0A-0FD714394C73}.Release|Any CPU.Build.0 = Release|Any CPU
		{DB02B20E-E066-4CBD-9F0A-0FD714394C73}.Release|ARM.ActiveCfg = Release|Any CPU
		{DB02B20E-E066-4CBD-9F0A-0FD714394C73}.Release|ARM.Build.0 = Release|Any CPU
		{DB02B20E-E066-4CBD-9F0A-0FD714394C73}.Release|iPhone.ActiveCfg = Release|Any CPU
		{DB02B20E-E066-4CBD-9F0A-0FD714394C73}.Release|iPhone.Build.0 = Release|Any CPU
		{DB02B20E-E066-4CBD-9F0A-0FD714394C73}.Release|iPhoneSimulator.ActiveCfg = Release|Any CPU
		{DB02B20E-E066-4CBD-9F0A-0FD714394C73}.Release|iPhoneSimulator.Build.0 = Release|Any CPU
		{DB02B20E-E066-4CBD-9F0A-0FD714394C73}.Release|x64.ActiveCfg = Release|Any CPU
		{DB02B20E-E066-4CBD-9F0A-0FD714394C73}.Release|x64.Build.0 = Release|Any CPU
		{DB02B20E-E066-4CBD-9F0A-0FD714394C73}.Release|x86.ActiveCfg = Release|Any CPU
		{DB02B20E-E066-4CBD-9F0A-0FD714394C73}.Release|x86.Build.0 = Release|Any CPU
		{73E987FA-C5CF-47BC-A0FF-AC5B1FE9D1FF}.Ad-Hoc|Any CPU.ActiveCfg = Release|Any CPU
		{73E987FA-C5CF-47BC-A0FF-AC5B1FE9D1FF}.Ad-Hoc|Any CPU.Build.0 = Release|Any CPU
		{73E987FA-C5CF-47BC-A0FF-AC5B1FE9D1FF}.Ad-Hoc|ARM.ActiveCfg = Release|Any CPU
		{73E987FA-C5CF-47BC-A0FF-AC5B1FE9D1FF}.Ad-Hoc|ARM.Build.0 = Release|Any CPU
		{73E987FA-C5CF-47BC-A0FF-AC5B1FE9D1FF}.Ad-Hoc|iPhone.ActiveCfg = Release|Any CPU
		{73E987FA-C5CF-47BC-A0FF-AC5B1FE9D1FF}.Ad-Hoc|iPhone.Build.0 = Release|Any CPU
		{73E987FA-C5CF-47BC-A0FF-AC5B1FE9D1FF}.Ad-Hoc|iPhoneSimulator.ActiveCfg = Release|Any CPU
		{73E987FA-C5CF-47BC-A0FF-AC5B1FE9D1FF}.Ad-Hoc|iPhoneSimulator.Build.0 = Release|Any CPU
		{73E987FA-C5CF-47BC-A0FF-AC5B1FE9D1FF}.Ad-Hoc|x64.ActiveCfg = Release|Any CPU
		{73E987FA-C5CF-47BC-A0FF-AC5B1FE9D1FF}.Ad-Hoc|x64.Build.0 = Release|Any CPU
		{73E987FA-C5CF-47BC-A0FF-AC5B1FE9D1FF}.Ad-Hoc|x86.ActiveCfg = Release|Any CPU
		{73E987FA-C5CF-47BC-A0FF-AC5B1FE9D1FF}.Ad-Hoc|x86.Build.0 = Release|Any CPU
		{73E987FA-C5CF-47BC-A0FF-AC5B1FE9D1FF}.AppStore|Any CPU.ActiveCfg = Release|Any CPU
		{73E987FA-C5CF-47BC-A0FF-AC5B1FE9D1FF}.AppStore|Any CPU.Build.0 = Release|Any CPU
		{73E987FA-C5CF-47BC-A0FF-AC5B1FE9D1FF}.AppStore|ARM.ActiveCfg = Release|Any CPU
		{73E987FA-C5CF-47BC-A0FF-AC5B1FE9D1FF}.AppStore|ARM.Build.0 = Release|Any CPU
		{73E987FA-C5CF-47BC-A0FF-AC5B1FE9D1FF}.AppStore|iPhone.ActiveCfg = Release|Any CPU
		{73E987FA-C5CF-47BC-A0FF-AC5B1FE9D1FF}.AppStore|iPhone.Build.0 = Release|Any CPU
		{73E987FA-C5CF-47BC-A0FF-AC5B1FE9D1FF}.AppStore|iPhoneSimulator.ActiveCfg = Release|Any CPU
		{73E987FA-C5CF-47BC-A0FF-AC5B1FE9D1FF}.AppStore|iPhoneSimulator.Build.0 = Release|Any CPU
		{73E987FA-C5CF-47BC-A0FF-AC5B1FE9D1FF}.AppStore|x64.ActiveCfg = Release|Any CPU
		{73E987FA-C5CF-47BC-A0FF-AC5B1FE9D1FF}.AppStore|x64.Build.0 = Release|Any CPU
		{73E987FA-C5CF-47BC-A0FF-AC5B1FE9D1FF}.AppStore|x86.ActiveCfg = Release|Any CPU
		{73E987FA-C5CF-47BC-A0FF-AC5B1FE9D1FF}.AppStore|x86.Build.0 = Release|Any CPU
		{73E987FA-C5CF-47BC-A0FF-AC5B1FE9D1FF}.Debug|Any CPU.ActiveCfg = Debug|Any CPU
		{73E987FA-C5CF-47BC-A0FF-AC5B1FE9D1FF}.Debug|Any CPU.Build.0 = Debug|Any CPU
		{73E987FA-C5CF-47BC-A0FF-AC5B1FE9D1FF}.Debug|ARM.ActiveCfg = Debug|Any CPU
		{73E987FA-C5CF-47BC-A0FF-AC5B1FE9D1FF}.Debug|ARM.Build.0 = Debug|Any CPU
		{73E987FA-C5CF-47BC-A0FF-AC5B1FE9D1FF}.Debug|iPhone.ActiveCfg = Debug|Any CPU
		{73E987FA-C5CF-47BC-A0FF-AC5B1FE9D1FF}.Debug|iPhone.Build.0 = Debug|Any CPU
		{73E987FA-C5CF-47BC-A0FF-AC5B1FE9D1FF}.Debug|iPhoneSimulator.ActiveCfg = Debug|Any CPU
		{73E987FA-C5CF-47BC-A0FF-AC5B1FE9D1FF}.Debug|iPhoneSimulator.Build.0 = Debug|Any CPU
		{73E987FA-C5CF-47BC-A0FF-AC5B1FE9D1FF}.Debug|x64.ActiveCfg = Debug|Any CPU
		{73E987FA-C5CF-47BC-A0FF-AC5B1FE9D1FF}.Debug|x64.Build.0 = Debug|Any CPU
		{73E987FA-C5CF-47BC-A0FF-AC5B1FE9D1FF}.Debug|x86.ActiveCfg = Debug|Any CPU
		{73E987FA-C5CF-47BC-A0FF-AC5B1FE9D1FF}.Debug|x86.Build.0 = Debug|Any CPU
		{73E987FA-C5CF-47BC-A0FF-AC5B1FE9D1FF}.Release|Any CPU.ActiveCfg = Release|Any CPU
		{73E987FA-C5CF-47BC-A0FF-AC5B1FE9D1FF}.Release|Any CPU.Build.0 = Release|Any CPU
		{73E987FA-C5CF-47BC-A0FF-AC5B1FE9D1FF}.Release|ARM.ActiveCfg = Release|Any CPU
		{73E987FA-C5CF-47BC-A0FF-AC5B1FE9D1FF}.Release|ARM.Build.0 = Release|Any CPU
		{73E987FA-C5CF-47BC-A0FF-AC5B1FE9D1FF}.Release|iPhone.ActiveCfg = Release|Any CPU
		{73E987FA-C5CF-47BC-A0FF-AC5B1FE9D1FF}.Release|iPhone.Build.0 = Release|Any CPU
		{73E987FA-C5CF-47BC-A0FF-AC5B1FE9D1FF}.Release|iPhoneSimulator.ActiveCfg = Release|Any CPU
		{73E987FA-C5CF-47BC-A0FF-AC5B1FE9D1FF}.Release|iPhoneSimulator.Build.0 = Release|Any CPU
		{73E987FA-C5CF-47BC-A0FF-AC5B1FE9D1FF}.Release|x64.ActiveCfg = Release|Any CPU
		{73E987FA-C5CF-47BC-A0FF-AC5B1FE9D1FF}.Release|x64.Build.0 = Release|Any CPU
		{73E987FA-C5CF-47BC-A0FF-AC5B1FE9D1FF}.Release|x86.ActiveCfg = Release|Any CPU
		{73E987FA-C5CF-47BC-A0FF-AC5B1FE9D1FF}.Release|x86.Build.0 = Release|Any CPU
		{E141B1A4-9FBF-43AF-9E37-316D9E0E991A}.Ad-Hoc|Any CPU.ActiveCfg = Release|Any CPU
		{E141B1A4-9FBF-43AF-9E37-316D9E0E991A}.Ad-Hoc|Any CPU.Build.0 = Release|Any CPU
		{E141B1A4-9FBF-43AF-9E37-316D9E0E991A}.Ad-Hoc|ARM.ActiveCfg = Release|Any CPU
		{E141B1A4-9FBF-43AF-9E37-316D9E0E991A}.Ad-Hoc|ARM.Build.0 = Release|Any CPU
		{E141B1A4-9FBF-43AF-9E37-316D9E0E991A}.Ad-Hoc|iPhone.ActiveCfg = Release|Any CPU
		{E141B1A4-9FBF-43AF-9E37-316D9E0E991A}.Ad-Hoc|iPhone.Build.0 = Release|Any CPU
		{E141B1A4-9FBF-43AF-9E37-316D9E0E991A}.Ad-Hoc|iPhoneSimulator.ActiveCfg = Release|Any CPU
		{E141B1A4-9FBF-43AF-9E37-316D9E0E991A}.Ad-Hoc|iPhoneSimulator.Build.0 = Release|Any CPU
		{E141B1A4-9FBF-43AF-9E37-316D9E0E991A}.Ad-Hoc|x64.ActiveCfg = Release|Any CPU
		{E141B1A4-9FBF-43AF-9E37-316D9E0E991A}.Ad-Hoc|x64.Build.0 = Release|Any CPU
		{E141B1A4-9FBF-43AF-9E37-316D9E0E991A}.Ad-Hoc|x86.ActiveCfg = Release|Any CPU
		{E141B1A4-9FBF-43AF-9E37-316D9E0E991A}.Ad-Hoc|x86.Build.0 = Release|Any CPU
		{E141B1A4-9FBF-43AF-9E37-316D9E0E991A}.AppStore|Any CPU.ActiveCfg = Release|Any CPU
		{E141B1A4-9FBF-43AF-9E37-316D9E0E991A}.AppStore|Any CPU.Build.0 = Release|Any CPU
		{E141B1A4-9FBF-43AF-9E37-316D9E0E991A}.AppStore|ARM.ActiveCfg = Release|Any CPU
		{E141B1A4-9FBF-43AF-9E37-316D9E0E991A}.AppStore|ARM.Build.0 = Release|Any CPU
		{E141B1A4-9FBF-43AF-9E37-316D9E0E991A}.AppStore|iPhone.ActiveCfg = Release|Any CPU
		{E141B1A4-9FBF-43AF-9E37-316D9E0E991A}.AppStore|iPhone.Build.0 = Release|Any CPU
		{E141B1A4-9FBF-43AF-9E37-316D9E0E991A}.AppStore|iPhoneSimulator.ActiveCfg = Release|Any CPU
		{E141B1A4-9FBF-43AF-9E37-316D9E0E991A}.AppStore|iPhoneSimulator.Build.0 = Release|Any CPU
		{E141B1A4-9FBF-43AF-9E37-316D9E0E991A}.AppStore|x64.ActiveCfg = Release|Any CPU
		{E141B1A4-9FBF-43AF-9E37-316D9E0E991A}.AppStore|x64.Build.0 = Release|Any CPU
		{E141B1A4-9FBF-43AF-9E37-316D9E0E991A}.AppStore|x86.ActiveCfg = Release|Any CPU
		{E141B1A4-9FBF-43AF-9E37-316D9E0E991A}.AppStore|x86.Build.0 = Release|Any CPU
		{E141B1A4-9FBF-43AF-9E37-316D9E0E991A}.Debug|Any CPU.ActiveCfg = Debug|Any CPU
		{E141B1A4-9FBF-43AF-9E37-316D9E0E991A}.Debug|Any CPU.Build.0 = Debug|Any CPU
		{E141B1A4-9FBF-43AF-9E37-316D9E0E991A}.Debug|ARM.ActiveCfg = Debug|Any CPU
		{E141B1A4-9FBF-43AF-9E37-316D9E0E991A}.Debug|ARM.Build.0 = Debug|Any CPU
		{E141B1A4-9FBF-43AF-9E37-316D9E0E991A}.Debug|iPhone.ActiveCfg = Debug|Any CPU
		{E141B1A4-9FBF-43AF-9E37-316D9E0E991A}.Debug|iPhone.Build.0 = Debug|Any CPU
		{E141B1A4-9FBF-43AF-9E37-316D9E0E991A}.Debug|iPhoneSimulator.ActiveCfg = Debug|Any CPU
		{E141B1A4-9FBF-43AF-9E37-316D9E0E991A}.Debug|iPhoneSimulator.Build.0 = Debug|Any CPU
		{E141B1A4-9FBF-43AF-9E37-316D9E0E991A}.Debug|x64.ActiveCfg = Debug|Any CPU
		{E141B1A4-9FBF-43AF-9E37-316D9E0E991A}.Debug|x64.Build.0 = Debug|Any CPU
		{E141B1A4-9FBF-43AF-9E37-316D9E0E991A}.Debug|x86.ActiveCfg = Debug|Any CPU
		{E141B1A4-9FBF-43AF-9E37-316D9E0E991A}.Debug|x86.Build.0 = Debug|Any CPU
		{E141B1A4-9FBF-43AF-9E37-316D9E0E991A}.Release|Any CPU.ActiveCfg = Release|Any CPU
		{E141B1A4-9FBF-43AF-9E37-316D9E0E991A}.Release|Any CPU.Build.0 = Release|Any CPU
		{E141B1A4-9FBF-43AF-9E37-316D9E0E991A}.Release|ARM.ActiveCfg = Release|Any CPU
		{E141B1A4-9FBF-43AF-9E37-316D9E0E991A}.Release|ARM.Build.0 = Release|Any CPU
		{E141B1A4-9FBF-43AF-9E37-316D9E0E991A}.Release|iPhone.ActiveCfg = Release|Any CPU
		{E141B1A4-9FBF-43AF-9E37-316D9E0E991A}.Release|iPhone.Build.0 = Release|Any CPU
		{E141B1A4-9FBF-43AF-9E37-316D9E0E991A}.Release|iPhoneSimulator.ActiveCfg = Release|Any CPU
		{E141B1A4-9FBF-43AF-9E37-316D9E0E991A}.Release|iPhoneSimulator.Build.0 = Release|Any CPU
		{E141B1A4-9FBF-43AF-9E37-316D9E0E991A}.Release|x64.ActiveCfg = Release|Any CPU
		{E141B1A4-9FBF-43AF-9E37-316D9E0E991A}.Release|x64.Build.0 = Release|Any CPU
		{E141B1A4-9FBF-43AF-9E37-316D9E0E991A}.Release|x86.ActiveCfg = Release|Any CPU
		{E141B1A4-9FBF-43AF-9E37-316D9E0E991A}.Release|x86.Build.0 = Release|Any CPU
	EndGlobalSection
	GlobalSection(SolutionProperties) = preSolution
		HideSolutionNode = FALSE
	EndGlobalSection
	GlobalSection(ExtensibilityGlobals) = postSolution
		SolutionGuid = {3B439F09-60D9-435D-8246-A6EF9BAAD3BF}
	EndGlobalSection
EndGlobal
